
Microsoft Visual Studio Solution File, Format Version 12.00
# Visual Studio Version 17
VisualStudioVersion = 17.0.31919.166
MinimumVisualStudioVersion = 10.0.40219.1
Project("{9A19103F-16F7-4668-BE54-9A1E7A4F7556}") = "IsolatedSqlDb", "src\IsolatedSqlDb\IsolatedSqlDb.csproj", "{D167D1A5-F708-43FC-9419-4849F083E87C}"
EndProject
Project("{9A19103F-16F7-4668-BE54-9A1E7A4F7556}") = "IsolatedSqlDb.Tests", "src\IsolatedSqlDb.Tests\IsolatedSqlDb.Tests.csproj", "{18C5C35C-D398-4097-9062-BCB3B71103C9}"
EndProject
Global
	GlobalSection(SolutionConfigurationPlatforms) = preSolution
		Debug|Any CPU = Debug|Any CPU
		Release|Any CPU = Release|Any CPU
	EndGlobalSection
	GlobalSection(ProjectConfigurationPlatforms) = postSolution
		{D167D1A5-F708-43FC-9419-4849F083E87C}.Debug|Any CPU.ActiveCfg = Debug|Any CPU
		{D167D1A5-F708-43FC-9419-4849F083E87C}.Debug|Any CPU.Build.0 = Debug|Any CPU
		{D167D1A5-F708-43FC-9419-4849F083E87C}.Release|Any CPU.ActiveCfg = Release|Any CPU
		{D167D1A5-F708-43FC-9419-4849F083E87C}.Release|Any CPU.Build.0 = Release|Any CPU
		{18C5C35C-D398-4097-9062-BCB3B71103C9}.Debug|Any CPU.ActiveCfg = Debug|Any CPU
		{18C5C35C-D398-4097-9062-BCB3B71103C9}.Debug|Any CPU.Build.0 = Debug|Any CPU
		{18C5C35C-D398-4097-9062-BCB3B71103C9}.Release|Any CPU.ActiveCfg = Release|Any CPU
		{18C5C35C-D398-4097-9062-BCB3B71103C9}.Release|Any CPU.Build.0 = Release|Any CPU
	EndGlobalSection
	GlobalSection(SolutionProperties) = preSolution
		HideSolutionNode = FALSE
	EndGlobalSection
	GlobalSection(ExtensibilityGlobals) = postSolution
		SolutionGuid = {97408CE7-7AB0-4D9F-8F32-132EB5990041}
	EndGlobalSection
EndGlobal
